
Microsoft Visual Studio Solution File, Format Version 12.00
# Visual Studio Version 16
VisualStudioVersion = 16.0.29411.108
MinimumVisualStudioVersion = 10.0.40219.1
Project("{9A19103F-16F7-4668-BE54-9A1E7A4F7556}") = "PoolSaison2019", "PoolSaison2019\PoolSaison2019.csproj", "{B4C1AA23-0AC3-4FE4-8861-7E9F67EE1E8D}"
EndProject
Project("{9A19103F-16F7-4668-BE54-9A1E7A4F7556}") = "PoolSaison2019Tests", "PoolSaison2019Tests\PoolSaison2019Tests.csproj", "{7717C9AE-CD97-472F-AA0F-56A6887972E8}"
EndProject
Project("{FAE04EC0-301F-11D3-BF4B-00C04F79EFBC}") = "AcceptanceTests", "AcceptanceTests\AcceptanceTests.csproj", "{7CD1FBE2-95FE-4C00-9E82-CFD15522CB47}"
EndProject
Global
	GlobalSection(SolutionConfigurationPlatforms) = preSolution
		Debug|Any CPU = Debug|Any CPU
		Release|Any CPU = Release|Any CPU
	EndGlobalSection
	GlobalSection(ProjectConfigurationPlatforms) = postSolution
		{B4C1AA23-0AC3-4FE4-8861-7E9F67EE1E8D}.Debug|Any CPU.ActiveCfg = Debug|Any CPU
		{B4C1AA23-0AC3-4FE4-8861-7E9F67EE1E8D}.Debug|Any CPU.Build.0 = Debug|Any CPU
		{B4C1AA23-0AC3-4FE4-8861-7E9F67EE1E8D}.Release|Any CPU.ActiveCfg = Release|Any CPU
		{B4C1AA23-0AC3-4FE4-8861-7E9F67EE1E8D}.Release|Any CPU.Build.0 = Release|Any CPU
		{7717C9AE-CD97-472F-AA0F-56A6887972E8}.Debug|Any CPU.ActiveCfg = Debug|Any CPU
		{7717C9AE-CD97-472F-AA0F-56A6887972E8}.Debug|Any CPU.Build.0 = Debug|Any CPU
		{7717C9AE-CD97-472F-AA0F-56A6887972E8}.Release|Any CPU.ActiveCfg = Release|Any CPU
		{7717C9AE-CD97-472F-AA0F-56A6887972E8}.Release|Any CPU.Build.0 = Release|Any CPU
		{7CD1FBE2-95FE-4C00-9E82-CFD15522CB47}.Debug|Any CPU.ActiveCfg = Debug|Any CPU
		{7CD1FBE2-95FE-4C00-9E82-CFD15522CB47}.Debug|Any CPU.Build.0 = Debug|Any CPU
		{7CD1FBE2-95FE-4C00-9E82-CFD15522CB47}.Release|Any CPU.ActiveCfg = Release|Any CPU
		{7CD1FBE2-95FE-4C00-9E82-CFD15522CB47}.Release|Any CPU.Build.0 = Release|Any CPU
	EndGlobalSection
	GlobalSection(SolutionProperties) = preSolution
		HideSolutionNode = FALSE
	EndGlobalSection
	GlobalSection(ExtensibilityGlobals) = postSolution
		SolutionGuid = {20E5A31B-54AF-4DCC-90BC-C27A00E502C3}
	EndGlobalSection
EndGlobal
